// !$*UTF8*$!
{
	archiveVersion = 1;
	classes = {
	};
	objectVersion = 50;
	objects = {

/* Begin PBXBuildFile section */
		56AA0C5D232ECC5C003C7A78 /* ApiKeys.plist in Resources */ = {isa = PBXBuildFile; fileRef = 56AA0C5C232ECC5C003C7A78 /* ApiKeys.plist */; };
		56AA0C68232ED013003C7A78 /* ApiKeys.swift in Sources */ = {isa = PBXBuildFile; fileRef = 56AA0C67232ED013003C7A78 /* ApiKeys.swift */; };
		56AA0C7B232EE18E003C7A78 /* SwifteriOS.framework in Frameworks */ = {isa = PBXBuildFile; fileRef = 56AA0C74232EE104003C7A78 /* SwifteriOS.framework */; };
		56AA0C7C232EE18E003C7A78 /* SwifteriOS.framework in Embed Frameworks */ = {isa = PBXBuildFile; fileRef = 56AA0C74232EE104003C7A78 /* SwifteriOS.framework */; settings = {ATTRIBUTES = (CodeSignOnCopy, RemoveHeadersOnCopy, ); }; };
		56AFA667232BFF0E00A13802 /* TweetSentimentClassifier.mlmodel in Sources */ = {isa = PBXBuildFile; fileRef = 56AFA666232BFF0E00A13802 /* TweetSentimentClassifier.mlmodel */; };
		6160BA128923CAED5C0D56D7 /* Pods_Twittermenti.framework in Frameworks */ = {isa = PBXBuildFile; fileRef = E2D5DAE25FCEA5EA4AF1CEEE /* Pods_Twittermenti.framework */; };
		AD9EC65020FE2EF4002AE9BF /* AppDelegate.swift in Sources */ = {isa = PBXBuildFile; fileRef = AD9EC64F20FE2EF4002AE9BF /* AppDelegate.swift */; };
		AD9EC65220FE2EF4002AE9BF /* ViewController.swift in Sources */ = {isa = PBXBuildFile; fileRef = AD9EC65120FE2EF4002AE9BF /* ViewController.swift */; };
		AD9EC65520FE2EF4002AE9BF /* Main.storyboard in Resources */ = {isa = PBXBuildFile; fileRef = AD9EC65320FE2EF4002AE9BF /* Main.storyboard */; };
		AD9EC65720FE2EF7002AE9BF /* Assets.xcassets in Resources */ = {isa = PBXBuildFile; fileRef = AD9EC65620FE2EF7002AE9BF /* Assets.xcassets */; };
		AD9EC65A20FE2EF7002AE9BF /* LaunchScreen.storyboard in Resources */ = {isa = PBXBuildFile; fileRef = AD9EC65820FE2EF7002AE9BF /* LaunchScreen.storyboard */; };
		AD9EC66220FE319B002AE9BF /* README.md in Resources */ = {isa = PBXBuildFile; fileRef = AD9EC66120FE319A002AE9BF /* README.md */; };
/* End PBXBuildFile section */

/* Begin PBXContainerItemProxy section */
		56AA0C71232EE104003C7A78 /* PBXContainerItemProxy */ = {
			isa = PBXContainerItemProxy;
			containerPortal = 56AA0C69232EE104003C7A78 /* Swifter.xcodeproj */;
			proxyType = 2;
			remoteGlobalIDString = 8B300C1F1944AA1A00993175;
			remoteInfo = SwifterDemoiOS;
		};
		56AA0C73232EE104003C7A78 /* PBXContainerItemProxy */ = {
			isa = PBXContainerItemProxy;
			containerPortal = 56AA0C69232EE104003C7A78 /* Swifter.xcodeproj */;
			proxyType = 2;
			remoteGlobalIDString = 8B9F50EE1944A5AB00894629;
			remoteInfo = SwifteriOS;
		};
		56AA0C75232EE104003C7A78 /* PBXContainerItemProxy */ = {
			isa = PBXContainerItemProxy;
			containerPortal = 56AA0C69232EE104003C7A78 /* Swifter.xcodeproj */;
			proxyType = 2;
			remoteGlobalIDString = 8B9F51131944A61D00894629;
			remoteInfo = SwifterMac;
		};
		56AA0C77232EE104003C7A78 /* PBXContainerItemProxy */ = {
			isa = PBXContainerItemProxy;
			containerPortal = 56AA0C69232EE104003C7A78 /* Swifter.xcodeproj */;
			proxyType = 2;
			remoteGlobalIDString = 8B300C471944AECB00993175;
			remoteInfo = SwifterDemoMac;
		};
		56AA0C79232EE104003C7A78 /* PBXContainerItemProxy */ = {
			isa = PBXContainerItemProxy;
			containerPortal = 56AA0C69232EE104003C7A78 /* Swifter.xcodeproj */;
			proxyType = 2;
			remoteGlobalIDString = F6B4D5751C7BAC4500E06514;
			remoteInfo = SwifterTests;
		};
		56AA0C7D232EE18E003C7A78 /* PBXContainerItemProxy */ = {
			isa = PBXContainerItemProxy;
			containerPortal = 56AA0C69232EE104003C7A78 /* Swifter.xcodeproj */;
			proxyType = 1;
			remoteGlobalIDString = 8B9F50ED1944A5AB00894629;
			remoteInfo = SwifteriOS;
		};
/* End PBXContainerItemProxy section */

/* Begin PBXCopyFilesBuildPhase section */
		56AFA690232C0C0A00A13802 /* Embed Frameworks */ = {
			isa = PBXCopyFilesBuildPhase;
			buildActionMask = 2147483647;
			dstPath = "";
			dstSubfolderSpec = 10;
			files = (
				56AA0C7C232EE18E003C7A78 /* SwifteriOS.framework in Embed Frameworks */,
			);
			name = "Embed Frameworks";
			runOnlyForDeploymentPostprocessing = 0;
		};
/* End PBXCopyFilesBuildPhase section */

/* Begin PBXFileReference section */
		4D50855DD9EECB1FD4E9C7E9 /* Pods-Twittermenti.debug.xcconfig */ = {isa = PBXFileReference; includeInIndex = 1; lastKnownFileType = text.xcconfig; name = "Pods-Twittermenti.debug.xcconfig"; path = "Target Support Files/Pods-Twittermenti/Pods-Twittermenti.debug.xcconfig"; sourceTree = "<group>"; };
		56AA0C5C232ECC5C003C7A78 /* ApiKeys.plist */ = {isa = PBXFileReference; lastKnownFileType = text.plist.xml; path = ApiKeys.plist; sourceTree = "<group>"; };
		56AA0C67232ED013003C7A78 /* ApiKeys.swift */ = {isa = PBXFileReference; lastKnownFileType = sourcecode.swift; path = ApiKeys.swift; sourceTree = "<group>"; };
		56AA0C69232EE104003C7A78 /* Swifter.xcodeproj */ = {isa = PBXFileReference; lastKnownFileType = "wrapper.pb-project"; name = Swifter.xcodeproj; path = ../../../Swifter/Swifter.xcodeproj; sourceTree = "<group>"; };
		56AFA666232BFF0E00A13802 /* TweetSentimentClassifier.mlmodel */ = {isa = PBXFileReference; lastKnownFileType = file.mlmodel; path = TweetSentimentClassifier.mlmodel; sourceTree = "<group>"; };
		AD9EC64C20FE2EF4002AE9BF /* Twittermenti.app */ = {isa = PBXFileReference; explicitFileType = wrapper.application; includeInIndex = 0; path = Twittermenti.app; sourceTree = BUILT_PRODUCTS_DIR; };
		AD9EC64F20FE2EF4002AE9BF /* AppDelegate.swift */ = {isa = PBXFileReference; lastKnownFileType = sourcecode.swift; path = AppDelegate.swift; sourceTree = "<group>"; };
		AD9EC65120FE2EF4002AE9BF /* ViewController.swift */ = {isa = PBXFileReference; lastKnownFileType = sourcecode.swift; path = ViewController.swift; sourceTree = "<group>"; };
		AD9EC65420FE2EF4002AE9BF /* Base */ = {isa = PBXFileReference; lastKnownFileType = file.storyboard; name = Base; path = Base.lproj/Main.storyboard; sourceTree = "<group>"; };
		AD9EC65620FE2EF7002AE9BF /* Assets.xcassets */ = {isa = PBXFileReference; lastKnownFileType = folder.assetcatalog; path = Assets.xcassets; sourceTree = "<group>"; };
		AD9EC65920FE2EF7002AE9BF /* Base */ = {isa = PBXFileReference; lastKnownFileType = file.storyboard; name = Base; path = Base.lproj/LaunchScreen.storyboard; sourceTree = "<group>"; };
		AD9EC65B20FE2EF7002AE9BF /* Info.plist */ = {isa = PBXFileReference; lastKnownFileType = text.plist.xml; path = Info.plist; sourceTree = "<group>"; };
		AD9EC66120FE319A002AE9BF /* README.md */ = {isa = PBXFileReference; fileEncoding = 4; lastKnownFileType = net.daringfireball.markdown; path = README.md; sourceTree = "<group>"; };
		DB0F9E8EF29D757BA463453A /* Pods-Twittermenti.release.xcconfig */ = {isa = PBXFileReference; includeInIndex = 1; lastKnownFileType = text.xcconfig; name = "Pods-Twittermenti.release.xcconfig"; path = "Target Support Files/Pods-Twittermenti/Pods-Twittermenti.release.xcconfig"; sourceTree = "<group>"; };
		E2D5DAE25FCEA5EA4AF1CEEE /* Pods_Twittermenti.framework */ = {isa = PBXFileReference; explicitFileType = wrapper.framework; includeInIndex = 0; path = Pods_Twittermenti.framework; sourceTree = BUILT_PRODUCTS_DIR; };
/* End PBXFileReference section */

/* Begin PBXFrameworksBuildPhase section */
		AD9EC64920FE2EF4002AE9BF /* Frameworks */ = {
			isa = PBXFrameworksBuildPhase;
			buildActionMask = 2147483647;
			files = (
				56AA0C7B232EE18E003C7A78 /* SwifteriOS.framework in Frameworks */,
				6160BA128923CAED5C0D56D7 /* Pods_Twittermenti.framework in Frameworks */,
			);
			runOnlyForDeploymentPostprocessing = 0;
		};
/* End PBXFrameworksBuildPhase section */

/* Begin PBXGroup section */
		35CBA6CE88760B102DA16F46 /* Pods */ = {
			isa = PBXGroup;
			children = (
				4D50855DD9EECB1FD4E9C7E9 /* Pods-Twittermenti.debug.xcconfig */,
				DB0F9E8EF29D757BA463453A /* Pods-Twittermenti.release.xcconfig */,
			);
			name = Pods;
			path = Pods;
			sourceTree = "<group>";
		};
		56AA0C6A232EE104003C7A78 /* Products */ = {
			isa = PBXGroup;
			children = (
				56AA0C72232EE104003C7A78 /* SwifterDemoiOS.app */,
				56AA0C74232EE104003C7A78 /* SwifteriOS.framework */,
				56AA0C76232EE104003C7A78 /* SwifterMac.framework */,
				56AA0C78232EE104003C7A78 /* SwifterDemoMac.app */,
				56AA0C7A232EE104003C7A78 /* SwifterTests.xctest */,
			);
			name = Products;
			sourceTree = "<group>";
		};
		644B8E034E94780B6E25CEA2 /* Frameworks */ = {
			isa = PBXGroup;
			children = (
				E2D5DAE25FCEA5EA4AF1CEEE /* Pods_Twittermenti.framework */,
			);
			name = Frameworks;
			sourceTree = "<group>";
		};
		AD9EC64320FE2EF4002AE9BF = {
			isa = PBXGroup;
			children = (
				56AA0C69232EE104003C7A78 /* Swifter.xcodeproj */,
				AD9EC66120FE319A002AE9BF /* README.md */,
				AD9EC64E20FE2EF4002AE9BF /* Twittermenti */,
				AD9EC64D20FE2EF4002AE9BF /* Products */,
				35CBA6CE88760B102DA16F46 /* Pods */,
				644B8E034E94780B6E25CEA2 /* Frameworks */,
			);
			sourceTree = "<group>";
		};
		AD9EC64D20FE2EF4002AE9BF /* Products */ = {
			isa = PBXGroup;
			children = (
				AD9EC64C20FE2EF4002AE9BF /* Twittermenti.app */,
			);
			name = Products;
			sourceTree = "<group>";
		};
		AD9EC64E20FE2EF4002AE9BF /* Twittermenti */ = {
			isa = PBXGroup;
			children = (
				56AFA666232BFF0E00A13802 /* TweetSentimentClassifier.mlmodel */,
				AD9EC64F20FE2EF4002AE9BF /* AppDelegate.swift */,
				AD9EC65120FE2EF4002AE9BF /* ViewController.swift */,
				AD9EC65320FE2EF4002AE9BF /* Main.storyboard */,
				AD9EC65620FE2EF7002AE9BF /* Assets.xcassets */,
				AD9EC65820FE2EF7002AE9BF /* LaunchScreen.storyboard */,
				AD9EC65B20FE2EF7002AE9BF /* Info.plist */,
				56AA0C5C232ECC5C003C7A78 /* ApiKeys.plist */,
				56AA0C67232ED013003C7A78 /* ApiKeys.swift */,
			);
			path = Twittermenti;
			sourceTree = "<group>";
		};
/* End PBXGroup section */

/* Begin PBXNativeTarget section */
		AD9EC64B20FE2EF4002AE9BF /* Twittermenti */ = {
			isa = PBXNativeTarget;
			buildConfigurationList = AD9EC65E20FE2EF7002AE9BF /* Build configuration list for PBXNativeTarget "Twittermenti" */;
			buildPhases = (
				21F6444A7726B68731EA6535 /* [CP] Check Pods Manifest.lock */,
				AD9EC64820FE2EF4002AE9BF /* Sources */,
				AD9EC64920FE2EF4002AE9BF /* Frameworks */,
				AD9EC64A20FE2EF4002AE9BF /* Resources */,
				56AFA690232C0C0A00A13802 /* Embed Frameworks */,
				2DBEC7879E1B2744A39CFA56 /* [CP] Embed Pods Frameworks */,
			);
			buildRules = (
			);
			dependencies = (
				56AA0C7E232EE18E003C7A78 /* PBXTargetDependency */,
			);
			name = Twittermenti;
			productName = Twittermenti;
			productReference = AD9EC64C20FE2EF4002AE9BF /* Twittermenti.app */;
			productType = "com.apple.product-type.application";
		};
/* End PBXNativeTarget section */

/* Begin PBXProject section */
		AD9EC64420FE2EF4002AE9BF /* Project object */ = {
			isa = PBXProject;
			attributes = {
				LastSwiftUpdateCheck = 1000;
				LastUpgradeCheck = 1000;
				ORGANIZATIONNAME = "London App Brewery";
				TargetAttributes = {
					AD9EC64B20FE2EF4002AE9BF = {
						CreatedOnToolsVersion = 10.0;
						LastSwiftMigration = 1030;
					};
				};
			};
			buildConfigurationList = AD9EC64720FE2EF4002AE9BF /* Build configuration list for PBXProject "Twittermenti" */;
			compatibilityVersion = "Xcode 9.3";
			developmentRegion = en;
			hasScannedForEncodings = 0;
			knownRegions = (
				en,
				Base,
			);
			mainGroup = AD9EC64320FE2EF4002AE9BF;
			productRefGroup = AD9EC64D20FE2EF4002AE9BF /* Products */;
			projectDirPath = "";
			projectReferences = (
				{
					ProductGroup = 56AA0C6A232EE104003C7A78 /* Products */;
					ProjectRef = 56AA0C69232EE104003C7A78 /* Swifter.xcodeproj */;
				},
			);
			projectRoot = "";
			targets = (
				AD9EC64B20FE2EF4002AE9BF /* Twittermenti */,
			);
		};
/* End PBXProject section */

/* Begin PBXReferenceProxy section */
		56AA0C72232EE104003C7A78 /* SwifterDemoiOS.app */ = {
			isa = PBXReferenceProxy;
			fileType = wrapper.application;
			path = SwifterDemoiOS.app;
			remoteRef = 56AA0C71232EE104003C7A78 /* PBXContainerItemProxy */;
			sourceTree = BUILT_PRODUCTS_DIR;
		};
		56AA0C74232EE104003C7A78 /* SwifteriOS.framework */ = {
			isa = PBXReferenceProxy;
			fileType = wrapper.framework;
			path = SwifteriOS.framework;
			remoteRef = 56AA0C73232EE104003C7A78 /* PBXContainerItemProxy */;
			sourceTree = BUILT_PRODUCTS_DIR;
		};
		56AA0C76232EE104003C7A78 /* SwifterMac.framework */ = {
			isa = PBXReferenceProxy;
			fileType = wrapper.framework;
			path = SwifterMac.framework;
			remoteRef = 56AA0C75232EE104003C7A78 /* PBXContainerItemProxy */;
			sourceTree = BUILT_PRODUCTS_DIR;
		};
		56AA0C78232EE104003C7A78 /* SwifterDemoMac.app */ = {
			isa = PBXReferenceProxy;
			fileType = wrapper.application;
			path = SwifterDemoMac.app;
			remoteRef = 56AA0C77232EE104003C7A78 /* PBXContainerItemProxy */;
			sourceTree = BUILT_PRODUCTS_DIR;
		};
		56AA0C7A232EE104003C7A78 /* SwifterTests.xctest */ = {
			isa = PBXReferenceProxy;
			fileType = wrapper.cfbundle;
			path = SwifterTests.xctest;
			remoteRef = 56AA0C79232EE104003C7A78 /* PBXContainerItemProxy */;
			sourceTree = BUILT_PRODUCTS_DIR;
		};
/* End PBXReferenceProxy section */

/* Begin PBXResourcesBuildPhase section */
		AD9EC64A20FE2EF4002AE9BF /* Resources */ = {
			isa = PBXResourcesBuildPhase;
			buildActionMask = 2147483647;
			files = (
				AD9EC65A20FE2EF7002AE9BF /* LaunchScreen.storyboard in Resources */,
				AD9EC65720FE2EF7002AE9BF /* Assets.xcassets in Resources */,
				AD9EC66220FE319B002AE9BF /* README.md in Resources */,
				AD9EC65520FE2EF4002AE9BF /* Main.storyboard in Resources */,
				56AA0C5D232ECC5C003C7A78 /* ApiKeys.plist in Resources */,
			);
			runOnlyForDeploymentPostprocessing = 0;
		};
/* End PBXResourcesBuildPhase section */

/* Begin PBXShellScriptBuildPhase section */
		21F6444A7726B68731EA6535 /* [CP] Check Pods Manifest.lock */ = {
			isa = PBXShellScriptBuildPhase;
			buildActionMask = 2147483647;
			files = (
			);
			inputFileListPaths = (
			);
			inputPaths = (
				"${PODS_PODFILE_DIR_PATH}/Podfile.lock",
				"${PODS_ROOT}/Manifest.lock",
			);
			name = "[CP] Check Pods Manifest.lock";
			outputFileListPaths = (
			);
			outputPaths = (
				"$(DERIVED_FILE_DIR)/Pods-Twittermenti-checkManifestLockResult.txt",
			);
			runOnlyForDeploymentPostprocessing = 0;
			shellPath = /bin/sh;
			shellScript = "diff \"${PODS_PODFILE_DIR_PATH}/Podfile.lock\" \"${PODS_ROOT}/Manifest.lock\" > /dev/null\nif [ $? != 0 ] ; then\n    # print error to STDERR\n    echo \"error: The sandbox is not in sync with the Podfile.lock. Run 'pod install' or update your CocoaPods installation.\" >&2\n    exit 1\nfi\n# This output is used by Xcode 'outputs' to avoid re-running this script phase.\necho \"SUCCESS\" > \"${SCRIPT_OUTPUT_FILE_0}\"\n";
			showEnvVarsInLog = 0;
		};
		2DBEC7879E1B2744A39CFA56 /* [CP] Embed Pods Frameworks */ = {
			isa = PBXShellScriptBuildPhase;
			buildActionMask = 2147483647;
			files = (
			);
			inputFileListPaths = (
				"${PODS_ROOT}/Target Support Files/Pods-Twittermenti/Pods-Twittermenti-frameworks-${CONFIGURATION}-input-files.xcfilelist",
			);
			name = "[CP] Embed Pods Frameworks";
			outputFileListPaths = (
				"${PODS_ROOT}/Target Support Files/Pods-Twittermenti/Pods-Twittermenti-frameworks-${CONFIGURATION}-output-files.xcfilelist",
			);
			runOnlyForDeploymentPostprocessing = 0;
			shellPath = /bin/sh;
			shellScript = "\"${PODS_ROOT}/Target Support Files/Pods-Twittermenti/Pods-Twittermenti-frameworks.sh\"\n";
			showEnvVarsInLog = 0;
		};
/* End PBXShellScriptBuildPhase section */

/* Begin PBXSourcesBuildPhase section */
		AD9EC64820FE2EF4002AE9BF /* Sources */ = {
			isa = PBXSourcesBuildPhase;
			buildActionMask = 2147483647;
			files = (
				56AFA667232BFF0E00A13802 /* TweetSentimentClassifier.mlmodel in Sources */,
				AD9EC65220FE2EF4002AE9BF /* ViewController.swift in Sources */,
				56AA0C68232ED013003C7A78 /* ApiKeys.swift in Sources */,
				AD9EC65020FE2EF4002AE9BF /* AppDelegate.swift in Sources */,
			);
			runOnlyForDeploymentPostprocessing = 0;
		};
/* End PBXSourcesBuildPhase section */

/* Begin PBXTargetDependency section */
		56AA0C7E232EE18E003C7A78 /* PBXTargetDependency */ = {
			isa = PBXTargetDependency;
			name = SwifteriOS;
			targetProxy = 56AA0C7D232EE18E003C7A78 /* PBXContainerItemProxy */;
		};
/* End PBXTargetDependency section */

/* Begin PBXVariantGroup section */
		AD9EC65320FE2EF4002AE9BF /* Main.storyboard */ = {
			isa = PBXVariantGroup;
			children = (
				AD9EC65420FE2EF4002AE9BF /* Base */,
			);
			name = Main.storyboard;
			sourceTree = "<group>";
		};
		AD9EC65820FE2EF7002AE9BF /* LaunchScreen.storyboard */ = {
			isa = PBXVariantGroup;
			children = (
				AD9EC65920FE2EF7002AE9BF /* Base */,
			);
			name = LaunchScreen.storyboard;
			sourceTree = "<group>";
		};
/* End PBXVariantGroup section */

/* Begin XCBuildConfiguration section */
		AD9EC65C20FE2EF7002AE9BF /* Debug */ = {
			isa = XCBuildConfiguration;
			buildSettings = {
				ALWAYS_SEARCH_USER_PATHS = NO;
				CLANG_ANALYZER_NONNULL = YES;
				CLANG_ANALYZER_NUMBER_OBJECT_CONVERSION = YES_AGGRESSIVE;
				CLANG_CXX_LANGUAGE_STANDARD = "gnu++14";
				CLANG_CXX_LIBRARY = "libc++";
				CLANG_ENABLE_MODULES = YES;
				CLANG_ENABLE_OBJC_ARC = YES;
				CLANG_ENABLE_OBJC_WEAK = YES;
				CLANG_WARN_BLOCK_CAPTURE_AUTORELEASING = YES;
				CLANG_WARN_BOOL_CONVERSION = YES;
				CLANG_WARN_COMMA = YES;
				CLANG_WARN_CONSTANT_CONVERSION = YES;
				CLANG_WARN_DEPRECATED_OBJC_IMPLEMENTATIONS = YES;
				CLANG_WARN_DIRECT_OBJC_ISA_USAGE = YES_ERROR;
				CLANG_WARN_DOCUMENTATION_COMMENTS = YES;
				CLANG_WARN_EMPTY_BODY = YES;
				CLANG_WARN_ENUM_CONVERSION = YES;
				CLANG_WARN_INFINITE_RECURSION = YES;
				CLANG_WARN_INT_CONVERSION = YES;
				CLANG_WARN_NON_LITERAL_NULL_CONVERSION = YES;
				CLANG_WARN_OBJC_IMPLICIT_RETAIN_SELF = YES;
				CLANG_WARN_OBJC_LITERAL_CONVERSION = YES;
				CLANG_WARN_OBJC_ROOT_CLASS = YES_ERROR;
				CLANG_WARN_RANGE_LOOP_ANALYSIS = YES;
				CLANG_WARN_STRICT_PROTOTYPES = YES;
				CLANG_WARN_SUSPICIOUS_MOVE = YES;
				CLANG_WARN_UNGUARDED_AVAILABILITY = YES_AGGRESSIVE;
				CLANG_WARN_UNREACHABLE_CODE = YES;
				CLANG_WARN__DUPLICATE_METHOD_MATCH = YES;
				CODE_SIGN_IDENTITY = "iPhone Developer";
				COPY_PHASE_STRIP = NO;
				DEBUG_INFORMATION_FORMAT = dwarf;
				ENABLE_STRICT_OBJC_MSGSEND = YES;
				ENABLE_TESTABILITY = YES;
				GCC_C_LANGUAGE_STANDARD = gnu11;
				GCC_DYNAMIC_NO_PIC = NO;
				GCC_NO_COMMON_BLOCKS = YES;
				GCC_OPTIMIZATION_LEVEL = 0;
				GCC_PREPROCESSOR_DEFINITIONS = (
					"DEBUG=1",
					"$(inherited)",
				);
				GCC_WARN_64_TO_32_BIT_CONVERSION = YES;
				GCC_WARN_ABOUT_RETURN_TYPE = YES_ERROR;
				GCC_WARN_UNDECLARED_SELECTOR = YES;
				GCC_WARN_UNINITIALIZED_AUTOS = YES_AGGRESSIVE;
				GCC_WARN_UNUSED_FUNCTION = YES;
				GCC_WARN_UNUSED_VARIABLE = YES;
				IPHONEOS_DEPLOYMENT_TARGET = 12.0;
				MTL_ENABLE_DEBUG_INFO = INCLUDE_SOURCE;
				MTL_FAST_MATH = YES;
				ONLY_ACTIVE_ARCH = YES;
				SDKROOT = iphoneos;
				SWIFT_ACTIVE_COMPILATION_CONDITIONS = DEBUG;
				SWIFT_OPTIMIZATION_LEVEL = "-Onone";
			};
			name = Debug;
		};
		AD9EC65D20FE2EF7002AE9BF /* Release */ = {
			isa = XCBuildConfiguration;
			buildSettings = {
				ALWAYS_SEARCH_USER_PATHS = NO;
				CLANG_ANALYZER_NONNULL = YES;
				CLANG_ANALYZER_NUMBER_OBJECT_CONVERSION = YES_AGGRESSIVE;
				CLANG_CXX_LANGUAGE_STANDARD = "gnu++14";
				CLANG_CXX_LIBRARY = "libc++";
				CLANG_ENABLE_MODULES = YES;
				CLANG_ENABLE_OBJC_ARC = YES;
				CLANG_ENABLE_OBJC_WEAK = YES;
				CLANG_WARN_BLOCK_CAPTURE_AUTORELEASING = YES;
				CLANG_WARN_BOOL_CONVERSION = YES;
				CLANG_WARN_COMMA = YES;
				CLANG_WARN_CONSTANT_CONVERSION = YES;
				CLANG_WARN_DEPRECATED_OBJC_IMPLEMENTATIONS = YES;
				CLANG_WARN_DIRECT_OBJC_ISA_USAGE = YES_ERROR;
				CLANG_WARN_DOCUMENTATION_COMMENTS = YES;
				CLANG_WARN_EMPTY_BODY = YES;
				CLANG_WARN_ENUM_CONVERSION = YES;
				CLANG_WARN_INFINITE_RECURSION = YES;
				CLANG_WARN_INT_CONVERSION = YES;
				CLANG_WARN_NON_LITERAL_NULL_CONVERSION = YES;
				CLANG_WARN_OBJC_IMPLICIT_RETAIN_SELF = YES;
				CLANG_WARN_OBJC_LITERAL_CONVERSION = YES;
				CLANG_WARN_OBJC_ROOT_CLASS = YES_ERROR;
				CLANG_WARN_RANGE_LOOP_ANALYSIS = YES;
				CLANG_WARN_STRICT_PROTOTYPES = YES;
				CLANG_WARN_SUSPICIOUS_MOVE = YES;
				CLANG_WARN_UNGUARDED_AVAILABILITY = YES_AGGRESSIVE;
				CLANG_WARN_UNREACHABLE_CODE = YES;
				CLANG_WARN__DUPLICATE_METHOD_MATCH = YES;
				CODE_SIGN_IDENTITY = "iPhone Developer";
				COPY_PHASE_STRIP = NO;
				DEBUG_INFORMATION_FORMAT = "dwarf-with-dsym";
				ENABLE_NS_ASSERTIONS = NO;
				ENABLE_STRICT_OBJC_MSGSEND = YES;
				GCC_C_LANGUAGE_STANDARD = gnu11;
				GCC_NO_COMMON_BLOCKS = YES;
				GCC_WARN_64_TO_32_BIT_CONVERSION = YES;
				GCC_WARN_ABOUT_RETURN_TYPE = YES_ERROR;
				GCC_WARN_UNDECLARED_SELECTOR = YES;
				GCC_WARN_UNINITIALIZED_AUTOS = YES_AGGRESSIVE;
				GCC_WARN_UNUSED_FUNCTION = YES;
				GCC_WARN_UNUSED_VARIABLE = YES;
				IPHONEOS_DEPLOYMENT_TARGET = 12.0;
				MTL_ENABLE_DEBUG_INFO = NO;
				MTL_FAST_MATH = YES;
				SDKROOT = iphoneos;
				SWIFT_COMPILATION_MODE = wholemodule;
				SWIFT_OPTIMIZATION_LEVEL = "-O";
				VALIDATE_PRODUCT = YES;
			};
			name = Release;
		};
		AD9EC65F20FE2EF7002AE9BF /* Debug */ = {
			isa = XCBuildConfiguration;
			baseConfigurationReference = 4D50855DD9EECB1FD4E9C7E9 /* Pods-Twittermenti.debug.xcconfig */;
			buildSettings = {
				ALWAYS_EMBED_SWIFT_STANDARD_LIBRARIES = YES;
				ASSETCATALOG_COMPILER_APPICON_NAME = AppIcon;
				CODE_SIGN_STYLE = Automatic;
				DEVELOPMENT_TEAM = VXZXPDCY5G;
				INFOPLIST_FILE = Twittermenti/Info.plist;
				LD_RUNPATH_SEARCH_PATHS = (
					"$(inherited)",
					"@executable_path/Frameworks",
				);
				PRODUCT_BUNDLE_IDENTIFIER = com.OverTheMoonApps.Twittermenti;
				PRODUCT_NAME = "$(TARGET_NAME)";
				SWIFT_VERSION = 5.0;
				TARGETED_DEVICE_FAMILY = "1,2";
			};
			name = Debug;
		};
		AD9EC66020FE2EF7002AE9BF /* Release */ = {
			isa = XCBuildConfiguration;
			baseConfigurationReference = DB0F9E8EF29D757BA463453A /* Pods-Twittermenti.release.xcconfig */;
			buildSettings = {
				ALWAYS_EMBED_SWIFT_STANDARD_LIBRARIES = YES;
				ASSETCATALOG_COMPILER_APPICON_NAME = AppIcon;
				CODE_SIGN_STYLE = Automatic;
				DEVELOPMENT_TEAM = VXZXPDCY5G;
				INFOPLIST_FILE = Twittermenti/Info.plist;
				LD_RUNPATH_SEARCH_PATHS = (
					"$(inherited)",
					"@executable_path/Frameworks",
				);
				PRODUCT_BUNDLE_IDENTIFIER = com.OverTheMoonApps.Twittermenti;
				PRODUCT_NAME = "$(TARGET_NAME)";
				SWIFT_VERSION = 5.0;
				TARGETED_DEVICE_FAMILY = "1,2";
			};
			name = Release;
		};
/* End XCBuildConfiguration section */

/* Begin XCConfigurationList section */
		AD9EC64720FE2EF4002AE9BF /* Build configuration list for PBXProject "Twittermenti" */ = {
			isa = XCConfigurationList;
			buildConfigurations = (
				AD9EC65C20FE2EF7002AE9BF /* Debug */,
				AD9EC65D20FE2EF7002AE9BF /* Release */,
			);
			defaultConfigurationIsVisible = 0;
			defaultConfigurationName = Release;
		};
		AD9EC65E20FE2EF7002AE9BF /* Build configuration list for PBXNativeTarget "Twittermenti" */ = {
			isa = XCConfigurationList;
			buildConfigurations = (
				AD9EC65F20FE2EF7002AE9BF /* Debug */,
				AD9EC66020FE2EF7002AE9BF /* Release */,
			);
			defaultConfigurationIsVisible = 0;
			defaultConfigurationName = Release;
		};
/* End XCConfigurationList section */
	};
	rootObject = AD9EC64420FE2EF4002AE9BF /* Project object */;
}
